
Microsoft Visual Studio Solution File, Format Version 12.00
# Visual Studio Version 16
VisualStudioVersion = 25.0.1706.4
MinimumVisualStudioVersion = 10.0.40219.1
Project("{FAE04EC0-301F-11D3-BF4B-00C04F79EFBC}") = "Week13SQLiteDB", "Week13SQLiteDB\Week13SQLiteDB.csproj", "{A85D3B49-5296-4B1A-86CF-1D6F488E3B8C}"
EndProject
Global
	GlobalSection(SolutionConfigurationPlatforms) = preSolution
		Debug|Any CPU = Debug|Any CPU
		Release|Any CPU = Release|Any CPU
	EndGlobalSection
	GlobalSection(ProjectConfigurationPlatforms) = postSolution
		{A85D3B49-5296-4B1A-86CF-1D6F488E3B8C}.Debug|Any CPU.ActiveCfg = Debug|Any CPU
		{A85D3B49-5296-4B1A-86CF-1D6F488E3B8C}.Debug|Any CPU.Build.0 = Debug|Any CPU
		{A85D3B49-5296-4B1A-86CF-1D6F488E3B8C}.Release|Any CPU.ActiveCfg = Release|Any CPU
		{A85D3B49-5296-4B1A-86CF-1D6F488E3B8C}.Release|Any CPU.Build.0 = Release|Any CPU
	EndGlobalSection
	GlobalSection(SolutionProperties) = preSolution
		HideSolutionNode = FALSE
	EndGlobalSection
	GlobalSection(ExtensibilityGlobals) = postSolution
		SolutionGuid = {802D4446-614D-433D-8ADA-FE20E6E4784A}
	EndGlobalSection
EndGlobal
